
Microsoft Visual Studio Solution File, Format Version 12.00
# Visual Studio Version 16
VisualStudioVersion = 16.0.30621.155
MinimumVisualStudioVersion = 10.0.40219.1
Project("{FAE04EC0-301F-11D3-BF4B-00C04F79EFBC}") = "Q101.NetCoreTelegramBotHelper", "Q101.NetCoreTelegramBotHelper\Q101.NetCoreTelegramBotHelper.csproj", "{EAA6DB95-EA90-4260-8A9D-FDDD9BD975F3}"
EndProject
Global
	GlobalSection(SolutionConfigurationPlatforms) = preSolution
		Debug|Any CPU = Debug|Any CPU
		Release|Any CPU = Release|Any CPU
	EndGlobalSection
	GlobalSection(ProjectConfigurationPlatforms) = postSolution
		{EAA6DB95-EA90-4260-8A9D-FDDD9BD975F3}.Debug|Any CPU.ActiveCfg = Debug|Any CPU
		{EAA6DB95-EA90-4260-8A9D-FDDD9BD975F3}.Debug|Any CPU.Build.0 = Debug|Any CPU
		{EAA6DB95-EA90-4260-8A9D-FDDD9BD975F3}.Release|Any CPU.ActiveCfg = Release|Any CPU
		{EAA6DB95-EA90-4260-8A9D-FDDD9BD975F3}.Release|Any CPU.Build.0 = Release|Any CPU
	EndGlobalSection
	GlobalSection(SolutionProperties) = preSolution
		HideSolutionNode = FALSE
	EndGlobalSection
	GlobalSection(ExtensibilityGlobals) = postSolution
		SolutionGuid = {F2DA8710-862E-45AA-9D91-5479996F7EA8}
	EndGlobalSection
EndGlobal
